
Microsoft Visual Studio Solution File, Format Version 12.00
# Visual Studio Version 17
VisualStudioVersion = 17.0.31903.59
MinimumVisualStudioVersion = 10.0.40219.1
Project("{2150E333-8FDC-42A3-9474-1A3956D46DE8}") = "src", "src", "{827E0CD3-B72D-47B6-A68D-7590B98EB39B}"
EndProject
Project("{FAE04EC0-301F-11D3-BF4B-00C04F79EFBC}") = "OpenApiToMcp.Core", "src\OpenApiToMcp.Core\OpenApiToMcp.Core.csproj", "{56528479-6D34-4A27-8B3A-69F08A093BAB}"
EndProject
Project("{FAE04EC0-301F-11D3-BF4B-00C04F79EFBC}") = "OpenApiToMcp.AspNetCore", "src\OpenApiToMcp.AspNetCore\OpenApiToMcp.AspNetCore.csproj", "{9F758E31-1E7B-4348-B2B4-D7221EDFE242}"
EndProject
Project("{FAE04EC0-301F-11D3-BF4B-00C04F79EFBC}") = "OpenApiToMcp.Cli", "src\OpenApiToMcp.Cli\OpenApiToMcp.Cli.csproj", "{336FA519-AB54-4ADB-B9B9-A6AAAA5FF1B2}"
EndProject
Project("{2150E333-8FDC-42A3-9474-1A3956D46DE8}") = "tests", "tests", "{0AB3BF05-4346-4AA6-1389-037BE0695223}"
EndProject
Project("{FAE04EC0-301F-11D3-BF4B-00C04F79EFBC}") = "OpenApiToMcp.Tests", "tests\OpenApiToMcp.Tests\OpenApiToMcp.Tests.csproj", "{981DD224-AEDB-47B4-97D6-32A777A580FE}"
EndProject
Project("{FAE04EC0-301F-11D3-BF4B-00C04F79EFBC}") = "OpenApiToMcp.IntegrationTests", "tests\OpenApiToMcp.IntegrationTests\OpenApiToMcp.IntegrationTests.csproj", "{689FE687-DD28-493E-84D9-5F3C4A995EAC}"
EndProject
Project("{2150E333-8FDC-42A3-9474-1A3956D46DE8}") = "samples", "samples", "{5D20AA90-6969-D8BD-9DCD-8634F4692FDA}"
EndProject
Project("{FAE04EC0-301F-11D3-BF4B-00C04F79EFBC}") = "OpenApiToMcp.MultiEndpoint", "samples\OpenApiToMcp.MultiEndpoint\OpenApiToMcp.MultiEndpoint.csproj", "{E38209F2-F1BA-4A3F-8C2A-9CB64A981142}"
EndProject
Global
	GlobalSection(SolutionConfigurationPlatforms) = preSolution
		Debug|Any CPU = Debug|Any CPU
		Debug|x64 = Debug|x64
		Debug|x86 = Debug|x86
		Release|Any CPU = Release|Any CPU
		Release|x64 = Release|x64
		Release|x86 = Release|x86
	EndGlobalSection
	GlobalSection(ProjectConfigurationPlatforms) = postSolution
		{56528479-6D34-4A27-8B3A-69F08A093BAB}.Debug|Any CPU.ActiveCfg = Debug|Any CPU
		{56528479-6D34-4A27-8B3A-69F08A093BAB}.Debug|Any CPU.Build.0 = Debug|Any CPU
		{56528479-6D34-4A27-8B3A-69F08A093BAB}.Debug|x64.ActiveCfg = Debug|Any CPU
		{56528479-6D34-4A27-8B3A-69F08A093BAB}.Debug|x64.Build.0 = Debug|Any CPU
		{56528479-6D34-4A27-8B3A-69F08A093BAB}.Debug|x86.ActiveCfg = Debug|Any CPU
		{56528479-6D34-4A27-8B3A-69F08A093BAB}.Debug|x86.Build.0 = Debug|Any CPU
		{56528479-6D34-4A27-8B3A-69F08A093BAB}.Release|Any CPU.ActiveCfg = Release|Any CPU
		{56528479-6D34-4A27-8B3A-69F08A093BAB}.Release|Any CPU.Build.0 = Release|Any CPU
		{56528479-6D34-4A27-8B3A-69F08A093BAB}.Release|x64.ActiveCfg = Release|Any CPU
		{56528479-6D34-4A27-8B3A-69F08A093BAB}.Release|x64.Build.0 = Release|Any CPU
		{56528479-6D34-4A27-8B3A-69F08A093BAB}.Release|x86.ActiveCfg = Release|Any CPU
		{56528479-6D34-4A27-8B3A-69F08A093BAB}.Release|x86.Build.0 = Release|Any CPU
		{9F758E31-1E7B-4348-B2B4-D7221EDFE242}.Debug|Any CPU.ActiveCfg = Debug|Any CPU
		{9F758E31-1E7B-4348-B2B4-D7221EDFE242}.Debug|Any CPU.Build.0 = Debug|Any CPU
		{9F758E31-1E7B-4348-B2B4-D7221EDFE242}.Debug|x64.ActiveCfg = Debug|Any CPU
		{9F758E31-1E7B-4348-B2B4-D7221EDFE242}.Debug|x64.Build.0 = Debug|Any CPU
		{9F758E31-1E7B-4348-B2B4-D7221EDFE242}.Debug|x86.ActiveCfg = Debug|Any CPU
		{9F758E31-1E7B-4348-B2B4-D7221EDFE242}.Debug|x86.Build.0 = Debug|Any CPU
		{9F758E31-1E7B-4348-B2B4-D7221EDFE242}.Release|Any CPU.ActiveCfg = Release|Any CPU
		{9F758E31-1E7B-4348-B2B4-D7221EDFE242}.Release|Any CPU.Build.0 = Release|Any CPU
		{9F758E31-1E7B-4348-B2B4-D7221EDFE242}.Release|x64.ActiveCfg = Release|Any CPU
		{9F758E31-1E7B-4348-B2B4-D7221EDFE242}.Release|x64.Build.0 = Release|Any CPU
		{9F758E31-1E7B-4348-B2B4-D7221EDFE242}.Release|x86.ActiveCfg = Release|Any CPU
		{9F758E31-1E7B-4348-B2B4-D7221EDFE242}.Release|x86.Build.0 = Release|Any CPU
		{336FA519-AB54-4ADB-B9B9-A6AAAA5FF1B2}.Debug|Any CPU.ActiveCfg = Debug|Any CPU
		{336FA519-AB54-4ADB-B9B9-A6AAAA5FF1B2}.Debug|Any CPU.Build.0 = Debug|Any CPU
		{336FA519-AB54-4ADB-B9B9-A6AAAA5FF1B2}.Debug|x64.ActiveCfg = Debug|Any CPU
		{336FA519-AB54-4ADB-B9B9-A6AAAA5FF1B2}.Debug|x64.Build.0 = Debug|Any CPU
		{336FA519-AB54-4ADB-B9B9-A6AAAA5FF1B2}.Debug|x86.ActiveCfg = Debug|Any CPU
		{336FA519-AB54-4ADB-B9B9-A6AAAA5FF1B2}.Debug|x86.Build.0 = Debug|Any CPU
		{336FA519-AB54-4ADB-B9B9-A6AAAA5FF1B2}.Release|Any CPU.ActiveCfg = Release|Any CPU
		{336FA519-AB54-4ADB-B9B9-A6AAAA5FF1B2}.Release|Any CPU.Build.0 = Release|Any CPU
		{336FA519-AB54-4ADB-B9B9-A6AAAA5FF1B2}.Release|x64.ActiveCfg = Release|Any CPU
		{336FA519-AB54-4ADB-B9B9-A6AAAA5FF1B2}.Release|x64.Build.0 = Release|Any CPU
		{336FA519-AB54-4ADB-B9B9-A6AAAA5FF1B2}.Release|x86.ActiveCfg = Release|Any CPU
		{336FA519-AB54-4ADB-B9B9-A6AAAA5FF1B2}.Release|x86.Build.0 = Release|Any CPU
		{981DD224-AEDB-47B4-97D6-32A777A580FE}.Debug|Any CPU.ActiveCfg = Debug|Any CPU
		{981DD224-AEDB-47B4-97D6-32A777A580FE}.Debug|Any CPU.Build.0 = Debug|Any CPU
		{981DD224-AEDB-47B4-97D6-32A777A580FE}.Debug|x64.ActiveCfg = Debug|Any CPU
		{981DD224-AEDB-47B4-97D6-32A777A580FE}.Debug|x64.Build.0 = Debug|Any CPU
		{981DD224-AEDB-47B4-97D6-32A777A580FE}.Debug|x86.ActiveCfg = Debug|Any CPU
		{981DD224-AEDB-47B4-97D6-32A777A580FE}.Debug|x86.Build.0 = Debug|Any CPU
		{981DD224-AEDB-47B4-97D6-32A777A580FE}.Release|Any CPU.ActiveCfg = Release|Any CPU
		{981DD224-AEDB-47B4-97D6-32A777A580FE}.Release|Any CPU.Build.0 = Release|Any CPU
		{981DD224-AEDB-47B4-97D6-32A777A580FE}.Release|x64.ActiveCfg = Release|Any CPU
		{981DD224-AEDB-47B4-97D6-32A777A580FE}.Release|x64.Build.0 = Release|Any CPU
		{981DD224-AEDB-47B4-97D6-32A777A580FE}.Release|x86.ActiveCfg = Release|Any CPU
		{981DD224-AEDB-47B4-97D6-32A777A580FE}.Release|x86.Build.0 = Release|Any CPU
		{689FE687-DD28-493E-84D9-5F3C4A995EAC}.Debug|Any CPU.ActiveCfg = Debug|Any CPU
		{689FE687-DD28-493E-84D9-5F3C4A995EAC}.Debug|Any CPU.Build.0 = Debug|Any CPU
		{689FE687-DD28-493E-84D9-5F3C4A995EAC}.Debug|x64.ActiveCfg = Debug|Any CPU
		{689FE687-DD28-493E-84D9-5F3C4A995EAC}.Debug|x64.Build.0 = Debug|Any CPU
		{689FE687-DD28-493E-84D9-5F3C4A995EAC}.Debug|x86.ActiveCfg = Debug|Any CPU
		{689FE687-DD28-493E-84D9-5F3C4A995EAC}.Debug|x86.Build.0 = Debug|Any CPU
		{689FE687-DD28-493E-84D9-5F3C4A995EAC}.Release|Any CPU.ActiveCfg = Release|Any CPU
		{689FE687-DD28-493E-84D9-5F3C4A995EAC}.Release|Any CPU.Build.0 = Release|Any CPU
		{689FE687-DD28-493E-84D9-5F3C4A995EAC}.Release|x64.ActiveCfg = Release|Any CPU
		{689FE687-DD28-493E-84D9-5F3C4A995EAC}.Release|x64.Build.0 = Release|Any CPU
		{689FE687-DD28-493E-84D9-5F3C4A995EAC}.Release|x86.ActiveCfg = Release|Any CPU
		{689FE687-DD28-493E-84D9-5F3C4A995EAC}.Release|x86.Build.0 = Release|Any CPU
		{E38209F2-F1BA-4A3F-8C2A-9CB64A981142}.Debug|Any CPU.ActiveCfg = Debug|Any CPU
		{E38209F2-F1BA-4A3F-8C2A-9CB64A981142}.Debug|Any CPU.Build.0 = Debug|Any CPU
		{E38209F2-F1BA-4A3F-8C2A-9CB64A981142}.Debug|x64.ActiveCfg = Debug|Any CPU
		{E38209F2-F1BA-4A3F-8C2A-9CB64A981142}.Debug|x64.Build.0 = Debug|Any CPU
		{E38209F2-F1BA-4A3F-8C2A-9CB64A981142}.Debug|x86.ActiveCfg = Debug|Any CPU
		{E38209F2-F1BA-4A3F-8C2A-9CB64A981142}.Debug|x86.Build.0 = Debug|Any CPU
		{E38209F2-F1BA-4A3F-8C2A-9CB64A981142}.Release|Any CPU.ActiveCfg = Release|Any CPU
		{E38209F2-F1BA-4A3F-8C2A-9CB64A981142}.Release|Any CPU.Build.0 = Release|Any CPU
		{E38209F2-F1BA-4A3F-8C2A-9CB64A981142}.Release|x64.ActiveCfg = Release|Any CPU
		{E38209F2-F1BA-4A3F-8C2A-9CB64A981142}.Release|x64.Build.0 = Release|Any CPU
		{E38209F2-F1BA-4A3F-8C2A-9CB64A981142}.Release|x86.ActiveCfg = Release|Any CPU
		{E38209F2-F1BA-4A3F-8C2A-9CB64A981142}.Release|x86.Build.0 = Release|Any CPU
	EndGlobalSection
	GlobalSection(SolutionProperties) = preSolution
		HideSolutionNode = FALSE
	EndGlobalSection
	GlobalSection(NestedProjects) = preSolution
		{56528479-6D34-4A27-8B3A-69F08A093BAB} = {827E0CD3-B72D-47B6-A68D-7590B98EB39B}
		{9F758E31-1E7B-4348-B2B4-D7221EDFE242} = {827E0CD3-B72D-47B6-A68D-7590B98EB39B}
		{336FA519-AB54-4ADB-B9B9-A6AAAA5FF1B2} = {827E0CD3-B72D-47B6-A68D-7590B98EB39B}
		{981DD224-AEDB-47B4-97D6-32A777A580FE} = {0AB3BF05-4346-4AA6-1389-037BE0695223}
		{689FE687-DD28-493E-84D9-5F3C4A995EAC} = {0AB3BF05-4346-4AA6-1389-037BE0695223}
		{E38209F2-F1BA-4A3F-8C2A-9CB64A981142} = {5D20AA90-6969-D8BD-9DCD-8634F4692FDA}
	EndGlobalSection
EndGlobal
